// !$*UTF8*$!
{
	archiveVersion = 1;
	classes = {
	};
	objectVersion = 50;
	objects = {

/* Begin PBXBuildFile section */
		47ABE81B2438A16100C870FD /* AppDelegate.swift in Sources */ = {isa = PBXBuildFile; fileRef = 47ABE81A2438A16100C870FD /* AppDelegate.swift */; };
		47ABE81D2438A16100C870FD /* SceneDelegate.swift in Sources */ = {isa = PBXBuildFile; fileRef = 47ABE81C2438A16100C870FD /* SceneDelegate.swift */; };
		47ABE81F2438A16100C870FD /* ChatView.swift in Sources */ = {isa = PBXBuildFile; fileRef = 47ABE81E2438A16100C870FD /* ChatView.swift */; };
		47ABE8212438A16400C870FD /* Assets.xcassets in Resources */ = {isa = PBXBuildFile; fileRef = 47ABE8202438A16400C870FD /* Assets.xcassets */; };
		47ABE8272438A16400C870FD /* LaunchScreen.storyboard in Resources */ = {isa = PBXBuildFile; fileRef = 47ABE8252438A16400C870FD /* LaunchScreen.storyboard */; };
		47ABE84C2438AF1A00C870FD /* TextViewWrapper.swift in Sources */ = {isa = PBXBuildFile; fileRef = 47ABE84B2438AF1A00C870FD /* TextViewWrapper.swift */; };
		47ABE84E2438B74E00C870FD /* GrowingTextInputView.swift in Sources */ = {isa = PBXBuildFile; fileRef = 47ABE84D2438B74E00C870FD /* GrowingTextInputView.swift */; };
		47ABE8562438CCC900C870FD /* Color.swift in Sources */ = {isa = PBXBuildFile; fileRef = 47ABE8552438CCC900C870FD /* Color.swift */; };
		47BF62372444E27000F8223A /* String+OrEmpty.swift in Sources */ = {isa = PBXBuildFile; fileRef = 47BF62362444E27000F8223A /* String+OrEmpty.swift */; };
/* End PBXBuildFile section */

/* Begin PBXFileReference section */
		47ABE8172438A16100C870FD /* GrowingTextView.app */ = {isa = PBXFileReference; explicitFileType = wrapper.application; includeInIndex = 0; path = GrowingTextView.app; sourceTree = BUILT_PRODUCTS_DIR; };
		47ABE81A2438A16100C870FD /* AppDelegate.swift */ = {isa = PBXFileReference; lastKnownFileType = sourcecode.swift; path = AppDelegate.swift; sourceTree = "<group>"; };
		47ABE81C2438A16100C870FD /* SceneDelegate.swift */ = {isa = PBXFileReference; lastKnownFileType = sourcecode.swift; path = SceneDelegate.swift; sourceTree = "<group>"; };
		47ABE81E2438A16100C870FD /* ChatView.swift */ = {isa = PBXFileReference; lastKnownFileType = sourcecode.swift; path = ChatView.swift; sourceTree = "<group>"; };
		47ABE8202438A16400C870FD /* Assets.xcassets */ = {isa = PBXFileReference; lastKnownFileType = folder.assetcatalog; path = Assets.xcassets; sourceTree = "<group>"; };
		47ABE8262438A16400C870FD /* Base */ = {isa = PBXFileReference; lastKnownFileType = file.storyboard; name = Base; path = Base.lproj/LaunchScreen.storyboard; sourceTree = "<group>"; };
		47ABE8282438A16400C870FD /* Info.plist */ = {isa = PBXFileReference; lastKnownFileType = text.plist.xml; path = Info.plist; sourceTree = "<group>"; };
		47ABE84B2438AF1A00C870FD /* TextViewWrapper.swift */ = {isa = PBXFileReference; lastKnownFileType = sourcecode.swift; path = TextViewWrapper.swift; sourceTree = "<group>"; };
		47ABE84D2438B74E00C870FD /* GrowingTextInputView.swift */ = {isa = PBXFileReference; lastKnownFileType = sourcecode.swift; path = GrowingTextInputView.swift; sourceTree = "<group>"; };
		47ABE8552438CCC900C870FD /* Color.swift */ = {isa = PBXFileReference; lastKnownFileType = sourcecode.swift; path = Color.swift; sourceTree = "<group>"; };
		47BF62362444E27000F8223A /* String+OrEmpty.swift */ = {isa = PBXFileReference; lastKnownFileType = sourcecode.swift; path = "String+OrEmpty.swift"; sourceTree = "<group>"; };
/* End PBXFileReference section */

/* Begin PBXFrameworksBuildPhase section */
		47ABE8142438A16100C870FD /* Frameworks */ = {
			isa = PBXFrameworksBuildPhase;
			buildActionMask = 2147483647;
			files = (
			);
			runOnlyForDeploymentPostprocessing = 0;
		};
/* End PBXFrameworksBuildPhase section */

/* Begin PBXGroup section */
		47ABE80E2438A16100C870FD = {
			isa = PBXGroup;
			children = (
				47ABE8462438AD8300C870FD /* Frameworks */,
				47ABE8192438A16100C870FD /* GrowingTextView */,
				47ABE8182438A16100C870FD /* Products */,
			);
			sourceTree = "<group>";
		};
		47ABE8182438A16100C870FD /* Products */ = {
			isa = PBXGroup;
			children = (
				47ABE8172438A16100C870FD /* GrowingTextView.app */,
			);
			name = Products;
			sourceTree = "<group>";
		};
		47ABE8192438A16100C870FD /* GrowingTextView */ = {
			isa = PBXGroup;
			children = (
				47ABE83E2438A2FA00C870FD /* Application */,
				47ABE83F2438A30600C870FD /* ExampleView */,
				47ABE8542438CC5800C870FD /* Extensions */,
				47BF62352444E21600F8223A /* GrowinTextView */,
				47ABE83C2438A2BB00C870FD /* SupportingFiles */,
			);
			path = GrowingTextView;
			sourceTree = "<group>";
		};
		47ABE83C2438A2BB00C870FD /* SupportingFiles */ = {
			isa = PBXGroup;
			children = (
				47ABE8202438A16400C870FD /* Assets.xcassets */,
				47ABE8282438A16400C870FD /* Info.plist */,
				47ABE8252438A16400C870FD /* LaunchScreen.storyboard */,
			);
			path = SupportingFiles;
			sourceTree = "<group>";
		};
		47ABE83E2438A2FA00C870FD /* Application */ = {
			isa = PBXGroup;
			children = (
				47ABE81A2438A16100C870FD /* AppDelegate.swift */,
				47ABE81C2438A16100C870FD /* SceneDelegate.swift */,
			);
			path = Application;
			sourceTree = "<group>";
		};
		47ABE83F2438A30600C870FD /* ExampleView */ = {
			isa = PBXGroup;
			children = (
				47ABE81E2438A16100C870FD /* ChatView.swift */,
			);
			path = ExampleView;
			sourceTree = "<group>";
		};
		47ABE8462438AD8300C870FD /* Frameworks */ = {
			isa = PBXGroup;
			children = (
			);
			name = Frameworks;
			sourceTree = "<group>";
		};
		47ABE8542438CC5800C870FD /* Extensions */ = {
			isa = PBXGroup;
			children = (
				47ABE8552438CCC900C870FD /* Color.swift */,
				47BF62362444E27000F8223A /* String+OrEmpty.swift */,
			);
			path = Extensions;
			sourceTree = "<group>";
		};
		47BF62352444E21600F8223A /* GrowinTextView */ = {
			isa = PBXGroup;
			children = (
				47ABE84D2438B74E00C870FD /* GrowingTextInputView.swift */,
				47ABE84B2438AF1A00C870FD /* TextViewWrapper.swift */,
			);
			path = GrowinTextView;
			sourceTree = "<group>";
		};
/* End PBXGroup section */

/* Begin PBXNativeTarget section */
		47ABE8162438A16100C870FD /* GrowingTextView */ = {
			isa = PBXNativeTarget;
			buildConfigurationList = 47ABE8362438A16500C870FD /* Build configuration list for PBXNativeTarget "GrowingTextView" */;
			buildPhases = (
				47ABE8132438A16100C870FD /* Sources */,
				47ABE8142438A16100C870FD /* Frameworks */,
				47ABE8152438A16100C870FD /* Resources */,
			);
			buildRules = (
			);
			dependencies = (
			);
			name = GrowingTextView;
			packageProductDependencies = (
			);
			productName = GrowingTextView;
			productReference = 47ABE8172438A16100C870FD /* GrowingTextView.app */;
			productType = "com.apple.product-type.application";
		};
/* End PBXNativeTarget section */

/* Begin PBXProject section */
		47ABE80F2438A16100C870FD /* Project object */ = {
			isa = PBXProject;
			attributes = {
				LastSwiftUpdateCheck = 1140;
				LastUpgradeCheck = 1140;
				ORGANIZATIONNAME = mg;
				TargetAttributes = {
					47ABE8162438A16100C870FD = {
						CreatedOnToolsVersion = 11.4;
					};
				};
			};
			buildConfigurationList = 47ABE8122438A16100C870FD /* Build configuration list for PBXProject "GrowingTextView" */;
			compatibilityVersion = "Xcode 9.3";
			developmentRegion = en;
			hasScannedForEncodings = 0;
			knownRegions = (
				en,
				Base,
			);
			mainGroup = 47ABE80E2438A16100C870FD;
			packageReferences = (
			);
			productRefGroup = 47ABE8182438A16100C870FD /* Products */;
			projectDirPath = "";
			projectRoot = "";
			targets = (
				47ABE8162438A16100C870FD /* GrowingTextView */,
			);
		};
/* End PBXProject section */

/* Begin PBXResourcesBuildPhase section */
		47ABE8152438A16100C870FD /* Resources */ = {
			isa = PBXResourcesBuildPhase;
			buildActionMask = 2147483647;
			files = (
				47ABE8272438A16400C870FD /* LaunchScreen.storyboard in Resources */,
				47ABE8212438A16400C870FD /* Assets.xcassets in Resources */,
			);
			runOnlyForDeploymentPostprocessing = 0;
		};
/* End PBXResourcesBuildPhase section */

/* Begin PBXSourcesBuildPhase section */
		47ABE8132438A16100C870FD /* Sources */ = {
			isa = PBXSourcesBuildPhase;
			buildActionMask = 2147483647;
			files = (
				47ABE81B2438A16100C870FD /* AppDelegate.swift in Sources */,
				47ABE84E2438B74E00C870FD /* GrowingTextInputView.swift in Sources */,
				47BF62372444E27000F8223A /* String+OrEmpty.swift in Sources */,
				47ABE84C2438AF1A00C870FD /* TextViewWrapper.swift in Sources */,
				47ABE81D2438A16100C870FD /* SceneDelegate.swift in Sources */,
				47ABE81F2438A16100C870FD /* ChatView.swift in Sources */,
				47ABE8562438CCC900C870FD /* Color.swift in Sources */,
			);
			runOnlyForDeploymentPostprocessing = 0;
		};
/* End PBXSourcesBuildPhase section */

/* Begin PBXVariantGroup section */
		47ABE8252438A16400C870FD /* LaunchScreen.storyboard */ = {
			isa = PBXVariantGroup;
			children = (
				47ABE8262438A16400C870FD /* Base */,
			);
			name = LaunchScreen.storyboard;
			sourceTree = "<group>";
		};
/* End PBXVariantGroup section */

/* Begin XCBuildConfiguration section */
		47ABE8342438A16500C870FD /* Debug */ = {
			isa = XCBuildConfiguration;
			buildSettings = {
				ALWAYS_SEARCH_USER_PATHS = NO;
				CLANG_ANALYZER_NONNULL = YES;
				CLANG_ANALYZER_NUMBER_OBJECT_CONVERSION = YES_AGGRESSIVE;
				CLANG_CXX_LANGUAGE_STANDARD = "gnu++14";
				CLANG_CXX_LIBRARY = "libc++";
				CLANG_ENABLE_MODULES = YES;
				CLANG_ENABLE_OBJC_ARC = YES;
				CLANG_ENABLE_OBJC_WEAK = YES;
				CLANG_WARN_BLOCK_CAPTURE_AUTORELEASING = YES;
				CLANG_WARN_BOOL_CONVERSION = YES;
				CLANG_WARN_COMMA = YES;
				CLANG_WARN_CONSTANT_CONVERSION = YES;
				CLANG_WARN_DEPRECATED_OBJC_IMPLEMENTATIONS = YES;
				CLANG_WARN_DIRECT_OBJC_ISA_USAGE = YES_ERROR;
				CLANG_WARN_DOCUMENTATION_COMMENTS = YES;
				CLANG_WARN_EMPTY_BODY = YES;
				CLANG_WARN_ENUM_CONVERSION = YES;
				CLANG_WARN_INFINITE_RECURSION = YES;
				CLANG_WARN_INT_CONVERSION = YES;
				CLANG_WARN_NON_LITERAL_NULL_CONVERSION = YES;
				CLANG_WARN_OBJC_IMPLICIT_RETAIN_SELF = YES;
				CLANG_WARN_OBJC_LITERAL_CONVERSION = YES;
				CLANG_WARN_OBJC_ROOT_CLASS = YES_ERROR;
				CLANG_WARN_RANGE_LOOP_ANALYSIS = YES;
				CLANG_WARN_STRICT_PROTOTYPES = YES;
				CLANG_WARN_SUSPICIOUS_MOVE = YES;
				CLANG_WARN_UNGUARDED_AVAILABILITY = YES_AGGRESSIVE;
				CLANG_WARN_UNREACHABLE_CODE = YES;
				CLANG_WARN__DUPLICATE_METHOD_MATCH = YES;
				COPY_PHASE_STRIP = NO;
				DEBUG_INFORMATION_FORMAT = dwarf;
				ENABLE_STRICT_OBJC_MSGSEND = YES;
				ENABLE_TESTABILITY = YES;
				GCC_C_LANGUAGE_STANDARD = gnu11;
				GCC_DYNAMIC_NO_PIC = NO;
				GCC_NO_COMMON_BLOCKS = YES;
				GCC_OPTIMIZATION_LEVEL = 0;
				GCC_PREPROCESSOR_DEFINITIONS = (
					"DEBUG=1",
					"$(inherited)",
				);
				GCC_WARN_64_TO_32_BIT_CONVERSION = YES;
				GCC_WARN_ABOUT_RETURN_TYPE = YES_ERROR;
				GCC_WARN_UNDECLARED_SELECTOR = YES;
				GCC_WARN_UNINITIALIZED_AUTOS = YES_AGGRESSIVE;
				GCC_WARN_UNUSED_FUNCTION = YES;
				GCC_WARN_UNUSED_VARIABLE = YES;
				IPHONEOS_DEPLOYMENT_TARGET = 13.4;
				MTL_ENABLE_DEBUG_INFO = INCLUDE_SOURCE;
				MTL_FAST_MATH = YES;
				ONLY_ACTIVE_ARCH = YES;
				SDKROOT = iphoneos;
				SWIFT_ACTIVE_COMPILATION_CONDITIONS = DEBUG;
				SWIFT_OPTIMIZATION_LEVEL = "-Onone";
			};
			name = Debug;
		};
		47ABE8352438A16500C870FD /* Release */ = {
			isa = XCBuildConfiguration;
			buildSettings = {
				ALWAYS_SEARCH_USER_PATHS = NO;
				CLANG_ANALYZER_NONNULL = YES;
				CLANG_ANALYZER_NUMBER_OBJECT_CONVERSION = YES_AGGRESSIVE;
				CLANG_CXX_LANGUAGE_STANDARD = "gnu++14";
				CLANG_CXX_LIBRARY = "libc++";
				CLANG_ENABLE_MODULES = YES;
				CLANG_ENABLE_OBJC_ARC = YES;
				CLANG_ENABLE_OBJC_WEAK = YES;
				CLANG_WARN_BLOCK_CAPTURE_AUTORELEASING = YES;
				CLANG_WARN_BOOL_CONVERSION = YES;
				CLANG_WARN_COMMA = YES;
				CLANG_WARN_CONSTANT_CONVERSION = YES;
				CLANG_WARN_DEPRECATED_OBJC_IMPLEMENTATIONS = YES;
				CLANG_WARN_DIRECT_OBJC_ISA_USAGE = YES_ERROR;
				CLANG_WARN_DOCUMENTATION_COMMENTS = YES;
				CLANG_WARN_EMPTY_BODY = YES;
				CLANG_WARN_ENUM_CONVERSION = YES;
				CLANG_WARN_INFINITE_RECURSION = YES;
				CLANG_WARN_INT_CONVERSION = YES;
				CLANG_WARN_NON_LITERAL_NULL_CONVERSION = YES;
				CLANG_WARN_OBJC_IMPLICIT_RETAIN_SELF = YES;
				CLANG_WARN_OBJC_LITERAL_CONVERSION = YES;
				CLANG_WARN_OBJC_ROOT_CLASS = YES_ERROR;
				CLANG_WARN_RANGE_LOOP_ANALYSIS = YES;
				CLANG_WARN_STRICT_PROTOTYPES = YES;
				CLANG_WARN_SUSPICIOUS_MOVE = YES;
				CLANG_WARN_UNGUARDED_AVAILABILITY = YES_AGGRESSIVE;
				CLANG_WARN_UNREACHABLE_CODE = YES;
				CLANG_WARN__DUPLICATE_METHOD_MATCH = YES;
				COPY_PHASE_STRIP = NO;
				DEBUG_INFORMATION_FORMAT = "dwarf-with-dsym";
				ENABLE_NS_ASSERTIONS = NO;
				ENABLE_STRICT_OBJC_MSGSEND = YES;
				GCC_C_LANGUAGE_STANDARD = gnu11;
				GCC_NO_COMMON_BLOCKS = YES;
				GCC_WARN_64_TO_32_BIT_CONVERSION = YES;
				GCC_WARN_ABOUT_RETURN_TYPE = YES_ERROR;
				GCC_WARN_UNDECLARED_SELECTOR = YES;
				GCC_WARN_UNINITIALIZED_AUTOS = YES_AGGRESSIVE;
				GCC_WARN_UNUSED_FUNCTION = YES;
				GCC_WARN_UNUSED_VARIABLE = YES;
				IPHONEOS_DEPLOYMENT_TARGET = 13.4;
				MTL_ENABLE_DEBUG_INFO = NO;
				MTL_FAST_MATH = YES;
				SDKROOT = iphoneos;
				SWIFT_COMPILATION_MODE = wholemodule;
				SWIFT_OPTIMIZATION_LEVEL = "-O";
				VALIDATE_PRODUCT = YES;
			};
			name = Release;
		};
		47ABE8372438A16500C870FD /* Debug */ = {
			isa = XCBuildConfiguration;
			buildSettings = {
				ASSETCATALOG_COMPILER_APPICON_NAME = AppIcon;
				CODE_SIGN_STYLE = Automatic;
				DEVELOPMENT_TEAM = XRT2TCPYP7;
				ENABLE_PREVIEWS = YES;
				INFOPLIST_FILE = GrowingTextView/SupportingFiles/Info.plist;
				LD_RUNPATH_SEARCH_PATHS = (
					"$(inherited)",
					"@executable_path/Frameworks",
				);
				PRODUCT_BUNDLE_IDENTIFIER = com.mg.GrowingTextView;
				PRODUCT_NAME = "$(TARGET_NAME)";
				SWIFT_VERSION = 5.0;
				TARGETED_DEVICE_FAMILY = "1,2";
			};
			name = Debug;
		};
		47ABE8382438A16500C870FD /* Release */ = {
			isa = XCBuildConfiguration;
			buildSettings = {
				ASSETCATALOG_COMPILER_APPICON_NAME = AppIcon;
				CODE_SIGN_STYLE = Automatic;
				DEVELOPMENT_TEAM = XRT2TCPYP7;
				ENABLE_PREVIEWS = YES;
				INFOPLIST_FILE = GrowingTextView/SupportingFiles/Info.plist;
				LD_RUNPATH_SEARCH_PATHS = (
					"$(inherited)",
					"@executable_path/Frameworks",
				);
				PRODUCT_BUNDLE_IDENTIFIER = com.mg.GrowingTextView;
				PRODUCT_NAME = "$(TARGET_NAME)";
				SWIFT_VERSION = 5.0;
				TARGETED_DEVICE_FAMILY = "1,2";
			};
			name = Release;
		};
/* End XCBuildConfiguration section */

/* Begin XCConfigurationList section */
		47ABE8122438A16100C870FD /* Build configuration list for PBXProject "GrowingTextView" */ = {
			isa = XCConfigurationList;
			buildConfigurations = (
				47ABE8342438A16500C870FD /* Debug */,
				47ABE8352438A16500C870FD /* Release */,
			);
			defaultConfigurationIsVisible = 0;
			defaultConfigurationName = Release;
		};
		47ABE8362438A16500C870FD /* Build configuration list for PBXNativeTarget "GrowingTextView" */ = {
			isa = XCConfigurationList;
			buildConfigurations = (
				47ABE8372438A16500C870FD /* Debug */,
				47ABE8382438A16500C870FD /* Release */,
			);
			defaultConfigurationIsVisible = 0;
			defaultConfigurationName = Release;
		};
/* End XCConfigurationList section */
	};
	rootObject = 47ABE80F2438A16100C870FD /* Project object */;
}
